{
  "name": "rsm",
  "requires": true,
  "lockfileVersion": 1,
  "dependencies": {
    "alertify": {
      "version": "0.3.0",
      "resolved": "https://registry.npmjs.org/alertify/-/alertify-0.3.0.tgz",
      "integrity": "sha1-Mq2jKY/02RrOcfJ0bXCRCnvQgTU="
    },
    "selectboxit": {
      "version": "3.8.2",
      "resolved": "https://registry.npmjs.org/selectboxit/-/selectboxit-3.8.2.tgz",
      "integrity": "sha1-QMorEbl86pKM3yFULpxXoULHH64="
    }
  }
}
